
Microsoft Visual Studio Solution File, Format Version 12.00
# Visual Studio Version 17
VisualStudioVersion = 17.14.36804.6 d17.14
MinimumVisualStudioVersion = 10.0.40219.1
Project("{888888A0-9F3D-457C-B088-3A5042F75D52}") = "Game_client_project 2.0", "Game_client_project 2.0.pyproj", "{C20318E5-72F6-407A-9B86-DAE4092920B2}"
EndProject
Global
	GlobalSection(SolutionConfigurationPlatforms) = preSolution
		Debug|Any CPU = Debug|Any CPU
		Release|Any CPU = Release|Any CPU
	EndGlobalSection
	GlobalSection(ProjectConfigurationPlatforms) = postSolution
		{C20318E5-72F6-407A-9B86-DAE4092920B2}.Debug|Any CPU.ActiveCfg = Debug|Any CPU
		{C20318E5-72F6-407A-9B86-DAE4092920B2}.Release|Any CPU.ActiveCfg = Release|Any CPU
	EndGlobalSection
	GlobalSection(SolutionProperties) = preSolution
		HideSolutionNode = FALSE
	EndGlobalSection
	GlobalSection(ExtensibilityGlobals) = postSolution
		SolutionGuid = {1D58A153-F1F4-461F-B93B-A446AEE9C7FA}
	EndGlobalSection
EndGlobal
